
Microsoft Visual Studio Solution File, Format Version 12.00
# Visual Studio Version 17
VisualStudioVersion = 17.4.33213.308
MinimumVisualStudioVersion = 10.0.40219.1
Project("{8BC9CEB8-8B4A-11D0-8D11-00A0C91BC942}") = "Project1", "Project1\Project1.vcxproj", "{39F0F4F3-06D8-482D-842B-DED209E377AA}"
EndProject
Project("{8BC9CEB8-8B4A-11D0-8D11-00A0C91BC942}") = "Terminal", "Terminal\Terminal.vcxproj", "{4BDEDF9B-4081-465D-8916-31DE84474C80}"
EndProject
Project("{8BC9CEB8-8B4A-11D0-8D11-00A0C91BC942}") = "Human", "Human\Human.vcxproj", "{A2EA1CED-3E6D-4BEA-BC6A-FAC921C3A808}"
EndProject
Project("{8BC9CEB8-8B4A-11D0-8D11-00A0C91BC942}") = "TestSystem", "TestSystem\TestSystem.vcxproj", "{FC43F397-9C27-4E5F-B7CC-36B1C60972B7}"
EndProject
Project("{8BC9CEB8-8B4A-11D0-8D11-00A0C91BC942}") = "dg", "dg\dg.vcxproj", "{891A7BCE-FB00-47FA-91A5-58CED3BE1D4A}"
EndProject
Global
	GlobalSection(SolutionConfigurationPlatforms) = preSolution
		Debug|x64 = Debug|x64
		Debug|x86 = Debug|x86
		Release|x64 = Release|x64
		Release|x86 = Release|x86
	EndGlobalSection
	GlobalSection(ProjectConfigurationPlatforms) = postSolution
		{39F0F4F3-06D8-482D-842B-DED209E377AA}.Debug|x64.ActiveCfg = Debug|x64
		{39F0F4F3-06D8-482D-842B-DED209E377AA}.Debug|x64.Build.0 = Debug|x64
		{39F0F4F3-06D8-482D-842B-DED209E377AA}.Debug|x86.ActiveCfg = Debug|Win32
		{39F0F4F3-06D8-482D-842B-DED209E377AA}.Debug|x86.Build.0 = Debug|Win32
		{39F0F4F3-06D8-482D-842B-DED209E377AA}.Release|x64.ActiveCfg = Release|x64
		{39F0F4F3-06D8-482D-842B-DED209E377AA}.Release|x64.Build.0 = Release|x64
		{39F0F4F3-06D8-482D-842B-DED209E377AA}.Release|x86.ActiveCfg = Release|Win32
		{39F0F4F3-06D8-482D-842B-DED209E377AA}.Release|x86.Build.0 = Release|Win32
		{4BDEDF9B-4081-465D-8916-31DE84474C80}.Debug|x64.ActiveCfg = Debug|x64
		{4BDEDF9B-4081-465D-8916-31DE84474C80}.Debug|x64.Build.0 = Debug|x64
		{4BDEDF9B-4081-465D-8916-31DE84474C80}.Debug|x86.ActiveCfg = Debug|Win32
		{4BDEDF9B-4081-465D-8916-31DE84474C80}.Debug|x86.Build.0 = Debug|Win32
		{4BDEDF9B-4081-465D-8916-31DE84474C80}.Release|x64.ActiveCfg = Release|x64
		{4BDEDF9B-4081-465D-8916-31DE84474C80}.Release|x64.Build.0 = Release|x64
		{4BDEDF9B-4081-465D-8916-31DE84474C80}.Release|x86.ActiveCfg = Release|Win32
		{4BDEDF9B-4081-465D-8916-31DE84474C80}.Release|x86.Build.0 = Release|Win32
		{A2EA1CED-3E6D-4BEA-BC6A-FAC921C3A808}.Debug|x64.ActiveCfg = Debug|x64
		{A2EA1CED-3E6D-4BEA-BC6A-FAC921C3A808}.Debug|x64.Build.0 = Debug|x64
		{A2EA1CED-3E6D-4BEA-BC6A-FAC921C3A808}.Debug|x86.ActiveCfg = Debug|Win32
		{A2EA1CED-3E6D-4BEA-BC6A-FAC921C3A808}.Debug|x86.Build.0 = Debug|Win32
		{A2EA1CED-3E6D-4BEA-BC6A-FAC921C3A808}.Release|x64.ActiveCfg = Release|x64
		{A2EA1CED-3E6D-4BEA-BC6A-FAC921C3A808}.Release|x64.Build.0 = Release|x64
		{A2EA1CED-3E6D-4BEA-BC6A-FAC921C3A808}.Release|x86.ActiveCfg = Release|Win32
		{A2EA1CED-3E6D-4BEA-BC6A-FAC921C3A808}.Release|x86.Build.0 = Release|Win32
		{FC43F397-9C27-4E5F-B7CC-36B1C60972B7}.Debug|x64.ActiveCfg = Debug|x64
		{FC43F397-9C27-4E5F-B7CC-36B1C60972B7}.Debug|x64.Build.0 = Debug|x64
		{FC43F397-9C27-4E5F-B7CC-36B1C60972B7}.Debug|x86.ActiveCfg = Debug|Win32
		{FC43F397-9C27-4E5F-B7CC-36B1C60972B7}.Debug|x86.Build.0 = Debug|Win32
		{FC43F397-9C27-4E5F-B7CC-36B1C60972B7}.Release|x64.ActiveCfg = Release|x64
		{FC43F397-9C27-4E5F-B7CC-36B1C60972B7}.Release|x64.Build.0 = Release|x64
		{FC43F397-9C27-4E5F-B7CC-36B1C60972B7}.Release|x86.ActiveCfg = Release|Win32
		{FC43F397-9C27-4E5F-B7CC-36B1C60972B7}.Release|x86.Build.0 = Release|Win32
		{891A7BCE-FB00-47FA-91A5-58CED3BE1D4A}.Debug|x64.ActiveCfg = Debug|x64
		{891A7BCE-FB00-47FA-91A5-58CED3BE1D4A}.Debug|x64.Build.0 = Debug|x64
		{891A7BCE-FB00-47FA-91A5-58CED3BE1D4A}.Debug|x86.ActiveCfg = Debug|Win32
		{891A7BCE-FB00-47FA-91A5-58CED3BE1D4A}.Debug|x86.Build.0 = Debug|Win32
		{891A7BCE-FB00-47FA-91A5-58CED3BE1D4A}.Release|x64.ActiveCfg = Release|x64
		{891A7BCE-FB00-47FA-91A5-58CED3BE1D4A}.Release|x64.Build.0 = Release|x64
		{891A7BCE-FB00-47FA-91A5-58CED3BE1D4A}.Release|x86.ActiveCfg = Release|Win32
		{891A7BCE-FB00-47FA-91A5-58CED3BE1D4A}.Release|x86.Build.0 = Release|Win32
	EndGlobalSection
	GlobalSection(SolutionProperties) = preSolution
		HideSolutionNode = FALSE
	EndGlobalSection
	GlobalSection(ExtensibilityGlobals) = postSolution
		SolutionGuid = {B393C525-2C1E-45AC-9D88-114BB07864F0}
	EndGlobalSection
EndGlobal
